# This file was autogenerated by uv via the following command:
#    uv export --project backend --frozen --no-dev --no-emit-project --no-hashes --format requirements.txt --output-file backend/requirements.lock
alembic==1.18.4
    # via smart-home-backend
annotated-doc==0.0.4
    # via fastapi
annotated-types==0.7.0
    # via pydantic
anyio==4.13.0
    # via
    #   httpx
    #   starlette
certifi==2026.4.22
    # via
    #   httpcore
    #   httpx
cffi==2.0.0 ; platform_python_implementation != 'PyPy'
    # via cryptography
click==8.3.3
    # via uvicorn
colorama==0.4.6 ; sys_platform == 'win32'
    # via click
cryptography==46.0.7
    # via smart-home-backend
fastapi==0.136.1
    # via smart-home-backend
greenlet==3.5.0
    # via
    #   smart-home-backend
    #   sqlalchemy
h11==0.16.0
    # via
    #   httpcore
    #   uvicorn
httpcore==1.0.9
    # via httpx
httpx==0.28.1
    # via smart-home-backend
idna==3.13
    # via
    #   anyio
    #   httpx
injector==0.24.0
    # via smart-home-backend
mako==1.3.12
    # via alembic
markupsafe==3.0.3
    # via mako
psycopg==3.3.3
    # via smart-home-backend
psycopg-binary==3.3.3 ; implementation_name != 'pypy'
    # via psycopg
pycparser==3.0 ; implementation_name != 'PyPy' and platform_python_implementation != 'PyPy'
    # via cffi
pydantic==2.13.3
    # via
    #   fastapi
    #   pydantic-settings
    #   smart-home-backend
pydantic-core==2.46.3
    # via pydantic
pydantic-settings==2.14.0
    # via smart-home-backend
pyjwt==2.12.1
    # via redis
python-dotenv==1.2.2
    # via pydantic-settings
python-multipart==0.0.27
    # via smart-home-backend
redis==5.3.1
    # via smart-home-backend
sqlalchemy==2.0.49
    # via
    #   alembic
    #   smart-home-backend
starlette==1.0.0
    # via fastapi
typing-extensions==4.15.0
    # via
    #   alembic
    #   anyio
    #   fastapi
    #   psycopg
    #   pydantic
    #   pydantic-core
    #   sqlalchemy
    #   starlette
    #   typing-inspection
typing-inspection==0.4.2
    # via
    #   fastapi
    #   pydantic
    #   pydantic-settings
tzdata==2026.2 ; sys_platform == 'win32'
    # via psycopg
uvicorn==0.46.0
    # via smart-home-backend
websockets==16.0
    # via smart-home-backend
