# This file was autogenerated by uv via the following command:
#    uv export --project backend --frozen --extra dev --no-emit-project --no-hashes --format requirements.txt --output-file backend/requirements-dev.lock
alembic==1.18.4
    # via smart-home-backend
annotated-doc==0.0.4
    # via fastapi
annotated-types==0.7.0
    # via pydantic
anyio==4.13.0
    # via
    #   httpx
    #   starlette
boolean-py==5.0
    # via license-expression
cachecontrol==0.14.4
    # via pip-audit
certifi==2026.4.22
    # via
    #   httpcore
    #   httpx
    #   requests
cffi==2.0.0 ; platform_python_implementation != 'PyPy'
    # via cryptography
charset-normalizer==3.4.7
    # via requests
click==8.3.3
    # via uvicorn
colorama==0.4.6 ; sys_platform == 'win32'
    # via
    #   click
    #   pytest
cryptography==46.0.7
    # via smart-home-backend
cyclonedx-python-lib==11.7.0
    # via pip-audit
defusedxml==0.7.1
    # via py-serializable
fastapi==0.136.1
    # via smart-home-backend
filelock==3.29.0
    # via cachecontrol
greenlet==3.5.0
    # via
    #   smart-home-backend
    #   sqlalchemy
h11==0.16.0
    # via
    #   httpcore
    #   uvicorn
httpcore==1.0.9
    # via httpx
httpx==0.28.1
    # via smart-home-backend
idna==3.13
    # via
    #   anyio
    #   httpx
    #   requests
iniconfig==2.3.0
    # via pytest
injector==0.24.0
    # via smart-home-backend
license-expression==30.4.4
    # via cyclonedx-python-lib
mako==1.3.12
    # via alembic
markdown-it-py==4.0.0
    # via rich
markupsafe==3.0.3
    # via mako
mdurl==0.1.2
    # via markdown-it-py
msgpack==1.1.2
    # via cachecontrol
packageurl-python==0.17.6
    # via cyclonedx-python-lib
packaging==26.2
    # via
    #   pip-audit
    #   pip-requirements-parser
    #   pytest
pip==26.1
    # via pip-api
pip-api==0.0.34
    # via pip-audit
pip-audit==2.10.0
    # via smart-home-backend
pip-requirements-parser==32.0.1
    # via pip-audit
platformdirs==4.9.6
    # via pip-audit
pluggy==1.6.0
    # via pytest
psycopg==3.3.3
    # via smart-home-backend
psycopg-binary==3.3.3 ; implementation_name != 'pypy'
    # via psycopg
py-serializable==2.1.0
    # via cyclonedx-python-lib
pycparser==3.0 ; implementation_name != 'PyPy' and platform_python_implementation != 'PyPy'
    # via cffi
pydantic==2.13.3
    # via
    #   fastapi
    #   pydantic-settings
    #   smart-home-backend
pydantic-core==2.46.3
    # via pydantic
pydantic-settings==2.14.0
    # via smart-home-backend
pygments==2.20.0
    # via
    #   pytest
    #   rich
pyjwt==2.12.1
    # via redis
pyparsing==3.3.2
    # via pip-requirements-parser
pytest==8.4.2
    # via
    #   pytest-asyncio
    #   smart-home-backend
pytest-asyncio==0.26.0
    # via smart-home-backend
python-dotenv==1.2.2
    # via pydantic-settings
python-multipart==0.0.27
    # via smart-home-backend
redis==5.3.1
    # via smart-home-backend
requests==2.33.1
    # via
    #   cachecontrol
    #   pip-audit
rich==15.0.0
    # via pip-audit
ruff==0.15.12
    # via smart-home-backend
sortedcontainers==2.4.0
    # via cyclonedx-python-lib
sqlalchemy==2.0.49
    # via
    #   alembic
    #   smart-home-backend
starlette==1.0.0
    # via fastapi
tomli==2.4.1
    # via pip-audit
tomli-w==1.2.0
    # via pip-audit
typing-extensions==4.15.0
    # via
    #   alembic
    #   anyio
    #   cyclonedx-python-lib
    #   fastapi
    #   psycopg
    #   pydantic
    #   pydantic-core
    #   sqlalchemy
    #   starlette
    #   typing-inspection
typing-inspection==0.4.2
    # via
    #   fastapi
    #   pydantic
    #   pydantic-settings
tzdata==2026.2 ; sys_platform == 'win32'
    # via psycopg
urllib3==2.6.3
    # via requests
uvicorn==0.46.0
    # via smart-home-backend
websockets==16.0
    # via smart-home-backend
